Microsoft Visual Studio Solution File, Format Version 12.00
# Visual Studio 2012
Project("{FAE04EC0-301F-11D3-BF4B-00C04F79EFBC}") = "NSP", "NSP.csproj", "{2F4FB65C-195D-4957-BE5A-10764A077BDF}"
EndProject
Global
	GlobalSection(SolutionConfigurationPlatforms) = preSolution
		Debug|Any CPU = Debug|Any CPU
		ExportDebug|Any CPU = ExportDebug|Any CPU
		ExportRelease|Any CPU = ExportRelease|Any CPU
	EndGlobalSection
	GlobalSection(ProjectConfigurationPlatforms) = postSolution
		{2F4FB65C-195D-4957-BE5A-10764A077BDF}.Debug|Any CPU.ActiveCfg = Debug|Any CPU
		{2F4FB65C-195D-4957-BE5A-10764A077BDF}.Debug|Any CPU.Build.0 = Debug|Any CPU
		{2F4FB65C-195D-4957-BE5A-10764A077BDF}.ExportDebug|Any CPU.ActiveCfg = ExportDebug|Any CPU
		{2F4FB65C-195D-4957-BE5A-10764A077BDF}.ExportDebug|Any CPU.Build.0 = ExportDebug|Any CPU
		{2F4FB65C-195D-4957-BE5A-10764A077BDF}.ExportRelease|Any CPU.ActiveCfg = ExportRelease|Any CPU
		{2F4FB65C-195D-4957-BE5A-10764A077BDF}.ExportRelease|Any CPU.Build.0 = ExportRelease|Any CPU
	EndGlobalSection
EndGlobal
